Microsoft Visual Studio Solution File, Format Version 12.00
# Visual Studio Version 17
VisualStudioVersion = 17.0.31903.59
MinimumVisualStudioVersion = 10.0.40219.1
Project("{9A19103F-16F7-4668-BE54-9A1E7A4F7556}") = "rm.DelegatingHandlers", "src\rm.DelegatingHandlers\rm.DelegatingHandlers.csproj", "{159C2787-16B7-4621-89C5-72E7EA6259DA}"
EndProject
Project("{9A19103F-16F7-4668-BE54-9A1E7A4F7556}") = "rm.DelegatingHandlersTest", "tests\rm.DelegatingHandlersTest\rm.DelegatingHandlersTest.csproj", "{89352168-D88D-4296-A82E-3FC7B23B548C}"
EndProject
Project("{2150E333-8FDC-42A3-9474-1A3956D46DE8}") = "Solution Items", "Solution Items", "{EE466353-2AE6-4197-8C57-B6AD2886621E}"
	ProjectSection(SolutionItems) = preProject
		Directory.Packages.props = Directory.Packages.props
		LICENSE = LICENSE
		README.md = README.md
	EndProjectSection
EndProject
Global
	GlobalSection(SolutionConfigurationPlatforms) = preSolution
		Debug|Any CPU = Debug|Any CPU
		Release|Any CPU = Release|Any CPU
	EndGlobalSection
	GlobalSection(ProjectConfigurationPlatforms) = postSolution
		{159C2787-16B7-4621-89C5-72E7EA6259DA}.Debug|Any CPU.ActiveCfg = Debug|Any CPU
		{159C2787-16B7-4621-89C5-72E7EA6259DA}.Debug|Any CPU.Build.0 = Debug|Any CPU
		{159C2787-16B7-4621-89C5-72E7EA6259DA}.Release|Any CPU.ActiveCfg = Release|Any CPU
		{159C2787-16B7-4621-89C5-72E7EA6259DA}.Release|Any CPU.Build.0 = Release|Any CPU
		{89352168-D88D-4296-A82E-3FC7B23B548C}.Debug|Any CPU.ActiveCfg = Debug|Any CPU
		{89352168-D88D-4296-A82E-3FC7B23B548C}.Debug|Any CPU.Build.0 = Debug|Any CPU
		{89352168-D88D-4296-A82E-3FC7B23B548C}.Release|Any CPU.ActiveCfg = Release|Any CPU
		{89352168-D88D-4296-A82E-3FC7B23B548C}.Release|Any CPU.Build.0 = Release|Any CPU
	EndGlobalSection
	GlobalSection(SolutionProperties) = preSolution
		HideSolutionNode = FALSE
	EndGlobalSection
	GlobalSection(ExtensibilityGlobals) = postSolution
		SolutionGuid = {8B046BAB-5E21-430D-A222-CC435DA9340E}
	EndGlobalSection
EndGlobal
